version = 1
revision = 1
requires-python = ">=3.10, <4.0"
resolution-markers = [
    "python_full_version >= '3.12'",
    "python_full_version == '3.11.*'",
    "python_full_version < '3.11'",
]

[[package]]
name = "astroid"
version = "3.0.3"
source = { registry = "https://pypi.org/simple" }
dependencies = [
    { name = "typing-extensions", marker = "python_full_version < '3.11'" },
]
sdist = { url = "https://files.pythonhosted.org/packages/96/aa/60bf19fe9d33cd8753b0547df513c3004b33b9a482800d3af0845bcbb3d0/astroid-3.0.3.tar.gz", hash = "sha256:4148645659b08b70d72460ed1921158027a9e53ae8b7234149b1400eddacbb93", size = 395183 }
wheels = [
    { url = "https://files.pythonhosted.org/packages/d4/b8/c0f47a9ee6927827116542e12a54d8b8c174b77644c2aba4e2092dfd8de6/astroid-3.0.3-py3-none-any.whl", hash = "sha256:92fcf218b89f449cdf9f7b39a269f8d5d617b27be68434912e11e79203963a17", size = 275225 },
]

[[package]]
name = "attrs"
version = "23.2.0"
source = { registry = "https://pypi.org/simple" }
sdist = { url = "https://files.pythonhosted.org/packages/e3/fc/f800d51204003fa8ae392c4e8278f256206e7a919b708eef054f5f4b650d/attrs-23.2.0.tar.gz", hash = "sha256:935dc3b529c262f6cf76e50877d35a4bd3c1de194fd41f47a2b7ae8f19971f30", size = 780820 }
wheels = [
    { url = "https://files.pythonhosted.org/packages/e0/44/827b2a91a5816512fcaf3cc4ebc465ccd5d598c45cefa6703fcf4a79018f/attrs-23.2.0-py3-none-any.whl", hash = "sha256:99b87a485a5820b23b879f04c2305b44b951b502fd64be915879d77a7e8fc6f1", size = 60752 },
]

[[package]]
name = "autoflake"
version = "2.3.0"
source = { registry = "https://pypi.org/simple" }
dependencies = [
    { name = "pyflakes" },
    { name = "tomli", marker = "python_full_version < '3.11'" },
]
sdist = { url = "https://files.pythonhosted.org/packages/fe/71/61c476ac29fc497850a68147c6b5038c78dbbfc59dc7964fc81ee2bdf16a/autoflake-2.3.0.tar.gz", hash = "sha256:8c2011fa34701b9d7dcf05b9873bc4859d4fce4e62dfea90dffefd1576f5f01d", size = 27654 }
wheels = [
    { url = "https://files.pythonhosted.org/packages/65/5b/859605af1b94acf8d1a65731b61ac3cba1ac97691e68b4963430f9553647/autoflake-2.3.0-py3-none-any.whl", hash = "sha256:79a51eb8c0744759d2efe052455ab20aa6a314763510c3fd897499a402126327", size = 32488 },
]

[[package]]
name = "black"
version = "24.2.0"
source = { registry = "https://pypi.org/simple" }
dependencies = [
    { name = "click" },
    { name = "mypy-extensions" },
    { name = "packaging" },
    { name = "pathspec" },
    { name = "platformdirs" },
    { name = "tomli", marker = "python_full_version < '3.11'" },
    { name = "typing-extensions", marker = "python_full_version < '3.11'" },
]
sdist = { url = "https://files.pythonhosted.org/packages/29/69/f3ab49cdb938b3eecb048fa64f86bdadb1fac26e92c435d287181d543b0a/black-24.2.0.tar.gz", hash = "sha256:bce4f25c27c3435e4dace4815bcb2008b87e167e3bf4ee47ccdc5ce906eb4894", size = 631598 }
wheels = [
    { url = "https://files.pythonhosted.org/packages/eb/75/25d478751e03a46663b3ae9ff961deb3c2ce1b24885f6fc010df5ba08b1d/black-24.2.0-cp310-cp310-macosx_10_9_x86_64.whl", hash = "sha256:6981eae48b3b33399c8757036c7f5d48a535b962a7c2310d19361edeef64ce29", size = 1575905 },
    { url = "https://files.pythonhosted.org/packages/88/12/59b6ed8eefa43a0b131a97db5820141b94f6722c627cb10346c5408cf7f3/black-24.2.0-cp310-cp310-macosx_11_0_arm64.whl", hash = "sha256:d533d5e3259720fdbc1b37444491b024003e012c5173f7d06825a77508085430", size = 1423215 },
    { url = "https://files.pythonhosted.org/packages/46/b8/70a3cab340301d480f601d483452e6e68da61202abad881f1a91250c2d27/black-24.2.0-cp310-cp310-manylinux_2_17_x86_64.manylinux2014_x86_64.whl", hash = "sha256:61a0391772490ddfb8a693c067df1ef5227257e72b0e4108482b8d41b5aee13f", size = 1730127 },
    { url = "https://files.pythonhosted.org/packages/64/5f/74be45f22ac104b4759084c792798f6b5695a5b4b2064e31222fea7fd3c7/black-24.2.0-cp310-cp310-win_amd64.whl", hash = "sha256:992e451b04667116680cb88f63449267c13e1ad134f30087dec8527242e9862a", size = 1355109 },
    { url = "https://files.pythonhosted.org/packages/6c/de/938fd8c271ee903212f3599d7ece0d4a930af667c51135d4e6d1fac50455/black-24.2.0-cp311-cp311-macosx_10_9_x86_64.whl", hash = "sha256:163baf4ef40e6897a2a9b83890e59141cc8c2a98f2dda5080dc15c00ee1e62cd", size = 1556863 },
    { url = "https://files.pythonhosted.org/packages/11/15/4646143c19bc896a0cbc0c6663abf5751b465edefbc49491179454e2e2fd/black-24.2.0-cp311-cp311-macosx_11_0_arm64.whl", hash = "sha256:e37c99f89929af50ffaf912454b3e3b47fd64109659026b678c091a4cd450fb2", size = 1403471 },
    { url = "https://files.pythonhosted.org/packages/1a/53/0b82f36f0a8beee5388f6bcc3a1591e094c87a275c64532ac6ce69fb491f/black-24.2.0-cp311-cp311-manylinux_2_17_x86_64.manylinux2014_x86_64.whl", hash = "sha256:4f9de21bafcba9683853f6c96c2d515e364aee631b178eaa5145fc1c61a3cc92", size = 1710660 },
    { url = "https://files.pythonhosted.org/packages/72/be/58ae1a41e1d174a05d074a7a10524f1cdf37df13be3ac314098ab9435550/black-24.2.0-cp311-cp311-win_amd64.whl", hash = "sha256:9db528bccb9e8e20c08e716b3b09c6bdd64da0dd129b11e160bf082d4642ac23", size = 1361881 },
    { url = "https://files.pythonhosted.org/packages/43/1e/67c87a1fb39592aa944f35cc26892946ebe0a10aa324b87f9380b8753862/black-24.2.0-cp312-cp312-macosx_10_9_x86_64.whl", hash = "sha256:d84f29eb3ee44859052073b7636533ec995bd0f64e2fb43aeceefc70090e752b", size = 1585288 },
    { url = "https://files.pythonhosted.org/packages/5e/62/6437212cf40e40b74dbc7e134700a21cb21a9ac7e46ade940b5d4826456f/black-24.2.0-cp312-cp312-macosx_11_0_arm64.whl", hash = "sha256:1e08fb9a15c914b81dd734ddd7fb10513016e5ce7e6704bdd5e1251ceee51ac9", size = 1417360 },
    { url = "https://files.pythonhosted.org/packages/36/8f/de0d339ae683422a8e15d6f74b8022d4947009c347d8c2178c303c68cc4d/black-24.2.0-cp312-cp312-manylinux_2_17_x86_64.manylinux2014_x86_64.whl", hash = "sha256:810d445ae6069ce64030c78ff6127cd9cd178a9ac3361435708b907d8a04c693", size = 1739406 },
    { url = "https://files.pythonhosted.org/packages/3e/58/89e5f5a1c4c5b66dc74eabe6337623d53b4d1c27fbbbe16defee53397f60/black-24.2.0-cp312-cp312-win_amd64.whl", hash = "sha256:ba15742a13de85e9b8f3239c8f807723991fbfae24bad92d34a2b12e81904982", size = 1373310 },
    { url = "https://files.pythonhosted.org/packages/47/15/b3770bc3328685a53bc9c041136240146c5cd866a1f020c2cf47f2ff9683/black-24.2.0-py3-none-any.whl", hash = "sha256:e8a6ae970537e67830776488bca52000eaa37fa63b9988e8c487458d9cd5ace6", size = 200610 },
]

[[package]]
name = "click"
version = "8.1.7"
source = { registry = "https://pypi.org/simple" }
dependencies = [
    { name = "colorama", marker = "sys_platform == 'win32'" },
]
sdist = { url = "https://files.pythonhosted.org/packages/96/d3/f04c7bfcf5c1862a2a5b845c6b2b360488cf47af55dfa79c98f6a6bf98b5/click-8.1.7.tar.gz", hash = "sha256:ca9853ad459e787e2192211578cc907e7594e294c7ccc834310722b41b9ca6de", size = 336121 }
wheels = [
    { url = "https://files.pythonhosted.org/packages/00/2e/d53fa4befbf2cfa713304affc7ca780ce4fc1fd8710527771b58311a3229/click-8.1.7-py3-none-any.whl", hash = "sha256:ae74fb96c20a0277a1d615f1e4d73c8414f5a98db8b799a7931d1582f3390c28", size = 97941 },
]

[[package]]
name = "colorama"
version = "0.4.6"
source = { registry = "https://pypi.org/simple" }
sdist = { url = "https://files.pythonhosted.org/packages/d8/53/6f443c9a4a8358a93a6792e2acffb9d9d5cb0a5cfd8802644b7b1c9a02e4/colorama-0.4.6.tar.gz", hash = "sha256:08695f5cb7ed6e0531a20572697297273c47b8cae5a63ffc6d6ed5c201be6e44", size = 27697 }
wheels = [
    { url = "https://files.pythonhosted.org/packages/d1/d6/3965ed04c63042e047cb6a3e6ed1a63a35087b6a609aa3a15ed8ac56c221/colorama-0.4.6-py2.py3-none-any.whl", hash = "sha256:4f1d9991f5acc0ca119f9d443620b77f9d6b33703e51011c16baf57afb285fc6", size = 25335 },
]

[[package]]
name = "dill"
version = "0.3.8"
source = { registry = "https://pypi.org/simple" }
sdist = { url = "https://files.pythonhosted.org/packages/17/4d/ac7ffa80c69ea1df30a8aa11b3578692a5118e7cd1aa157e3ef73b092d15/dill-0.3.8.tar.gz", hash = "sha256:3ebe3c479ad625c4553aca177444d89b486b1d84982eeacded644afc0cf797ca", size = 184847 }
wheels = [
    { url = "https://files.pythonhosted.org/packages/c9/7a/cef76fd8438a42f96db64ddaa85280485a9c395e7df3db8158cfec1eee34/dill-0.3.8-py3-none-any.whl", hash = "sha256:c36ca9ffb54365bdd2f8eb3eff7d2a21237f8452b57ace88b1ac615b7e815bd7", size = 116252 },
]

[[package]]
name = "exceptiongroup"
version = "1.2.0"
source = { registry = "https://pypi.org/simple" }
sdist = { url = "https://files.pythonhosted.org/packages/8e/1c/beef724eaf5b01bb44b6338c8c3494eff7cab376fab4904cfbbc3585dc79/exceptiongroup-1.2.0.tar.gz", hash = "sha256:91f5c769735f051a4290d52edd0858999b57e5876e9f85937691bd4c9fa3ed68", size = 26264 }
wheels = [
    { url = "https://files.pythonhosted.org/packages/b8/9a/5028fd52db10e600f1c4674441b968cf2ea4959085bfb5b99fb1250e5f68/exceptiongroup-1.2.0-py3-none-any.whl", hash = "sha256:4bfd3996ac73b41e9b9628b04e079f193850720ea5945fc96a08633c66912f14", size = 16210 },
]

[[package]]
name = "flake8"
version = "7.0.0"
source = { registry = "https://pypi.org/simple" }
dependencies = [
    { name = "mccabe" },
    { name = "pycodestyle" },
    { name = "pyflakes" },
]
sdist = { url = "https://files.pythonhosted.org/packages/40/3c/3464b567aa367b221fa610bbbcce8015bf953977d21e52f2d711b526fb48/flake8-7.0.0.tar.gz", hash = "sha256:33f96621059e65eec474169085dc92bf26e7b2d47366b70be2f67ab80dc25132", size = 48219 }
wheels = [
    { url = "https://files.pythonhosted.org/packages/e3/01/cc8cdec7b61db0315c2ab62d80677a138ef06832ec17f04d87e6ef858f7f/flake8-7.0.0-py2.py3-none-any.whl", hash = "sha256:a6dfbb75e03252917f2473ea9653f7cd799c3064e54d4c8140044c5c065f53c3", size = 57570 },
]

[[package]]
name = "flake8-bugbear"
version = "24.2.6"
source = { registry = "https://pypi.org/simple" }
dependencies = [
    { name = "attrs" },
    { name = "flake8" },
]
sdist = { url = "https://files.pythonhosted.org/packages/e3/bc/07225e7ce0089e91f1b334102ac4526fb8cf894235e27ca1f252bd9d5c83/flake8-bugbear-24.2.6.tar.gz", hash = "sha256:f9cb5f2a9e792dd80ff68e89a14c12eed8620af8b41a49d823b7a33064ac9658", size = 64626 }
wheels = [
    { url = "https://files.pythonhosted.org/packages/e4/cc/739a2718705bb7e7cab3b017bbabf7e39b2643d8a8cc6f8f18022b513ecc/flake8_bugbear-24.2.6-py3-none-any.whl", hash = "sha256:663ef5de80cd32aacd39d362212983bc4636435a6f83700b4ed35acbd0b7d1b8", size = 32862 },
]

[[package]]
name = "flake8-tidy-imports"
version = "4.11.0"
source = { registry = "https://pypi.org/simple" }
dependencies = [
    { name = "flake8" },
]
sdist = { url = "https://files.pythonhosted.org/packages/d7/03/9ea93e3ab6e26a6c5da23c95318101491b92f5a0777d1e80cf2e39d11d02/flake8_tidy_imports-4.11.0.tar.gz", hash = "sha256:fcd57e275a9f4f8163db2ecb17c9c942d311750e2315cf9ae931f22f7043d496", size = 13666 }
wheels = [
    { url = "https://files.pythonhosted.org/packages/06/3b/d3c1b7f47a20c41b4811e15a783d29b1e83921422152a9770c66dea1017e/flake8_tidy_imports-4.11.0-py3-none-any.whl", hash = "sha256:607a76a7c2a9dec682e214f0692d4e7876862a618b766cef8f16979efac1ce22", size = 10013 },
]

[[package]]
name = "iniconfig"
version = "2.0.0"
source = { registry = "https://pypi.org/simple" }
sdist = { url = "https://files.pythonhosted.org/packages/d7/4b/cbd8e699e64a6f16ca3a8220661b5f83792b3017d0f79807cb8708d33913/iniconfig-2.0.0.tar.gz", hash = "sha256:2d91e135bf72d31a410b17c16da610a82cb55f6b0477d1a902134b24a455b8b3", size = 4646 }
wheels = [
    { url = "https://files.pythonhosted.org/packages/ef/a6/62565a6e1cf69e10f5727360368e451d4b7f58beeac6173dc9db836a5b46/iniconfig-2.0.0-py3-none-any.whl", hash = "sha256:b6a85871a79d2e3b22d2d1b94ac2824226a63c6b741c88f7ae975f18b6778374", size = 5892 },
]

[[package]]
name = "isort"
version = "5.13.2"
source = { registry = "https://pypi.org/simple" }
sdist = { url = "https://files.pythonhosted.org/packages/87/f9/c1eb8635a24e87ade2efce21e3ce8cd6b8630bb685ddc9cdaca1349b2eb5/isort-5.13.2.tar.gz", hash = "sha256:48fdfcb9face5d58a4f6dde2e72a1fb8dcaf8ab26f95ab49fab84c2ddefb0109", size = 175303 }
wheels = [
    { url = "https://files.pythonhosted.org/packages/d1/b3/8def84f539e7d2289a02f0524b944b15d7c75dab7628bedf1c4f0992029c/isort-5.13.2-py3-none-any.whl", hash = "sha256:8ca5e72a8d85860d5a3fa69b8745237f2939afe12dbf656afbcb47fe72d947a6", size = 92310 },
]

[[package]]
name = "joblib"
version = "1.3.2"
source = { registry = "https://pypi.org/simple" }
sdist = { url = "https://files.pythonhosted.org/packages/15/0f/d3b33b9f106dddef461f6df1872b7881321b247f3d255b87f61a7636f7fe/joblib-1.3.2.tar.gz", hash = "sha256:92f865e621e17784e7955080b6d042489e3b8e294949cc44c6eac304f59772b1", size = 1987720 }
wheels = [
    { url = "https://files.pythonhosted.org/packages/10/40/d551139c85db202f1f384ba8bcf96aca2f329440a844f924c8a0040b6d02/joblib-1.3.2-py3-none-any.whl", hash = "sha256:ef4331c65f239985f3f2220ecc87db222f08fd22097a3dd5698f693875f8cbb9", size = 302207 },
]

[[package]]
name = "mccabe"
version = "0.7.0"
source = { registry = "https://pypi.org/simple" }
sdist = { url = "https://files.pythonhosted.org/packages/e7/ff/0ffefdcac38932a54d2b5eed4e0ba8a408f215002cd178ad1df0f2806ff8/mccabe-0.7.0.tar.gz", hash = "sha256:348e0240c33b60bbdf4e523192ef919f28cb2c3d7d5c7794f74009290f236325", size = 9658 }
wheels = [
    { url = "https://files.pythonhosted.org/packages/27/1a/1f68f9ba0c207934b35b86a8ca3aad8395a3d6dd7921c0686e23853ff5a9/mccabe-0.7.0-py2.py3-none-any.whl", hash = "sha256:6c2d30ab6be0e4a46919781807b4f0d834ebdd6c6e3dca0bda5a15f863427b6e", size = 7350 },
]

[[package]]
name = "mypy"
version = "1.8.0"
source = { registry = "https://pypi.org/simple" }
dependencies = [
    { name = "mypy-extensions" },
    { name = "tomli", marker = "python_full_version < '3.11'" },
    { name = "typing-extensions" },
]
sdist = { url = "https://files.pythonhosted.org/packages/16/22/25fac51008f0a4b2186da0dba3039128bd75d3fab8c07acd3ea5894f95cc/mypy-1.8.0.tar.gz", hash = "sha256:6ff8b244d7085a0b425b56d327b480c3b29cafbd2eff27316a004f9a7391ae07", size = 2990299 }
wheels = [
    { url = "https://files.pythonhosted.org/packages/6d/6c/c33a5d50776a769be7ed7ca6709003c99aecd43913b9d82914bc72f154d8/mypy-1.8.0-cp310-cp310-macosx_10_9_x86_64.whl", hash = "sha256:485a8942f671120f76afffff70f259e1cd0f0cfe08f81c05d8816d958d4577d3", size = 10913063 },
    { url = "https://files.pythonhosted.org/packages/08/d1/a9c12c6890c789fd965ade8b37bef1989f649e87c62fde3df658dff394fc/mypy-1.8.0-cp310-cp310-macosx_11_0_arm64.whl", hash = "sha256:df9824ac11deaf007443e7ed2a4a26bebff98d2bc43c6da21b2b64185da011c4", size = 9956736 },
    { url = "https://files.pythonhosted.org/packages/f1/48/e78aa47176bf7c24beb321031043d7c9c99035d816a6eca32d13cc59736f/mypy-1.8.0-cp310-cp310-manylinux_2_17_x86_64.manylinux2014_x86_64.whl", hash = "sha256:2afecd6354bbfb6e0160f4e4ad9ba6e4e003b767dd80d85516e71f2e955ab50d", size = 12516409 },
    { url = "https://files.pythonhosted.org/packages/76/5c/663409829016ca450b68b163cc36c67e0690c546e44923764043b85c175d/mypy-1.8.0-cp310-cp310-musllinux_1_1_x86_64.whl", hash = "sha256:8963b83d53ee733a6e4196954502b33567ad07dfd74851f32be18eb932fb1cb9", size = 12582018 },
    { url = "https://files.pythonhosted.org/packages/35/9a/3179c5efd023b2ecb88a80307581aeb005bdffe24ff53a33b261075f15d5/mypy-1.8.0-cp310-cp310-win_amd64.whl", hash = "sha256:e46f44b54ebddbeedbd3d5b289a893219065ef805d95094d16a0af6630f5d410", size = 9214316 },
    { url = "https://files.pythonhosted.org/packages/d6/c4/2ce11ff9ba6c9c9e89df5049ab2325c85e60274194d6816e352926de5684/mypy-1.8.0-cp311-cp311-macosx_10_9_x86_64.whl", hash = "sha256:855fe27b80375e5c5878492f0729540db47b186509c98dae341254c8f45f42ae", size = 10795101 },
    { url = "https://files.pythonhosted.org/packages/bb/b7/882110d1345847ce660c51fc83b3b590b9512ec2ea44e6cfd629a7d66146/mypy-1.8.0-cp311-cp311-macosx_11_0_arm64.whl", hash = "sha256:4c886c6cce2d070bd7df4ec4a05a13ee20c0aa60cb587e8d1265b6c03cf91da3", size = 9849744 },
    { url = "https://files.pythonhosted.org/packages/19/c6/256f253cb3fc6b30b93a9836cf3c816a3ec09f934f7b567f693e5666d14f/mypy-1.8.0-cp311-cp311-manylinux_2_17_x86_64.manylinux2014_x86_64.whl", hash = "sha256:d19c413b3c07cbecf1f991e2221746b0d2a9410b59cb3f4fb9557f0365a1a817", size = 12391778 },
    { url = "https://files.pythonhosted.org/packages/66/19/e0c9373258f3e84e1e24af357e5663e6b0058bb5c307287e9d1a473a9687/mypy-1.8.0-cp311-cp311-musllinux_1_1_x86_64.whl", hash = "sha256:9261ed810972061388918c83c3f5cd46079d875026ba97380f3e3978a72f503d", size = 12461242 },
    { url = "https://files.pythonhosted.org/packages/a9/d7/a7ee8ca5a963b5bf55a6b4bc579df77c887e7fbc0910047b7d0f7750b048/mypy-1.8.0-cp311-cp311-win_amd64.whl", hash = "sha256:51720c776d148bad2372ca21ca29256ed483aa9a4cdefefcef49006dff2a6835", size = 9205536 },
    { url = "https://files.pythonhosted.org/packages/08/24/83d9e62ab2031593e94438fdbfd2c32996f4d818be26d2dc33be6870a3a0/mypy-1.8.0-cp312-cp312-macosx_10_9_x86_64.whl", hash = "sha256:52825b01f5c4c1c4eb0db253ec09c7aa17e1a7304d247c48b6f3599ef40db8bd", size = 10849520 },
    { url = "https://files.pythonhosted.org/packages/74/e8/30c42199bb5aefb37e02a9bece41f6a62a60a1c427cab8643bc0e7886df1/mypy-1.8.0-cp312-cp312-macosx_11_0_arm64.whl", hash = "sha256:f5ac9a4eeb1ec0f1ccdc6f326bcdb464de5f80eb07fb38b5ddd7b0de6bc61e55", size = 9812231 },
    { url = "https://files.pythonhosted.org/packages/a6/70/49e9dc3d4ef98c22e09f1d7b0195833ad7eeda19a24fcc42bf1b62c89110/mypy-1.8.0-cp312-cp312-manylinux_2_17_x86_64.manylinux2014_x86_64.whl", hash = "sha256:afe3fe972c645b4632c563d3f3eff1cdca2fa058f730df2b93a35e3b0c538218", size = 12422003 },
    { url = "https://files.pythonhosted.org/packages/33/14/902484951fa662ee6e044087a50dab4b16b534920dda2eea9380ce2e7b2d/mypy-1.8.0-cp312-cp312-musllinux_1_1_x86_64.whl", hash = "sha256:42c6680d256ab35637ef88891c6bd02514ccb7e1122133ac96055ff458f93fc3", size = 12497387 },
    { url = "https://files.pythonhosted.org/packages/aa/88/c6f214f1beeac9daffa1c3d0a5cbf96ee05617ca3e822c436c83f141ad8f/mypy-1.8.0-cp312-cp312-win_amd64.whl", hash = "sha256:720a5ca70e136b675af3af63db533c1c8c9181314d207568bbe79051f122669e", size = 9302230 },
    { url = "https://files.pythonhosted.org/packages/3a/e3/b582bff8e2fc7056a8a00ec06d2ac3509fc9595af9954099ed70e0418ac3/mypy-1.8.0-py3-none-any.whl", hash = "sha256:538fd81bb5e430cc1381a443971c0475582ff9f434c16cd46d2c66763ce85d9d", size = 2553257 },
]

[[package]]
name = "mypy-extensions"
version = "1.0.0"
source = { registry = "https://pypi.org/simple" }
sdist = { url = "https://files.pythonhosted.org/packages/98/a4/1ab47638b92648243faf97a5aeb6ea83059cc3624972ab6b8d2316078d3f/mypy_extensions-1.0.0.tar.gz", hash = "sha256:75dbf8955dc00442a438fc4d0666508a9a97b6bd41aa2f0ffe9d2f2725af0782", size = 4433 }
wheels = [
    { url = "https://files.pythonhosted.org/packages/2a/e2/5d3f6ada4297caebe1a2add3b126fe800c96f56dbe5d1988a2cbe0b267aa/mypy_extensions-1.0.0-py3-none-any.whl", hash = "sha256:4392f6c0eb8a5668a69e23d168ffa70f0be9ccfd32b5cc2d26a34ae5b844552d", size = 4695 },
]

[[package]]
name = "packaging"
version = "23.2"
source = { registry = "https://pypi.org/simple" }
sdist = { url = "https://files.pythonhosted.org/packages/fb/2b/9b9c33ffed44ee921d0967086d653047286054117d584f1b1a7c22ceaf7b/packaging-23.2.tar.gz", hash = "sha256:048fb0e9405036518eaaf48a55953c750c11e1a1b68e0dd1a9d62ed0c092cfc5", size = 146714 }
wheels = [
    { url = "https://files.pythonhosted.org/packages/ec/1a/610693ac4ee14fcdf2d9bf3c493370e4f2ef7ae2e19217d7a237ff42367d/packaging-23.2-py3-none-any.whl", hash = "sha256:8c491190033a9af7e1d931d0b5dacc2ef47509b34dd0de67ed209b5203fc88c7", size = 53011 },
]

[[package]]
name = "pathspec"
version = "0.12.1"
source = { registry = "https://pypi.org/simple" }
sdist = { url = "https://files.pythonhosted.org/packages/ca/bc/f35b8446f4531a7cb215605d100cd88b7ac6f44ab3fc94870c120ab3adbf/pathspec-0.12.1.tar.gz", hash = "sha256:a482d51503a1ab33b1c67a6c3813a26953dbdc71c31dacaef9a838c4e29f5712", size = 51043 }
wheels = [
    { url = "https://files.pythonhosted.org/packages/cc/20/ff623b09d963f88bfde16306a54e12ee5ea43e9b597108672ff3a408aad6/pathspec-0.12.1-py3-none-any.whl", hash = "sha256:a0d503e138a4c123b27490a4f7beda6a01c6f288df0e4a8b79c7eb0dc7b4cc08", size = 31191 },
]

[[package]]
name = "platformdirs"
version = "4.2.0"
source = { registry = "https://pypi.org/simple" }
sdist = { url = "https://files.pythonhosted.org/packages/96/dc/c1d911bf5bb0fdc58cc05010e9f3efe3b67970cef779ba7fbc3183b987a8/platformdirs-4.2.0.tar.gz", hash = "sha256:ef0cc731df711022c174543cb70a9b5bd22e5a9337c8624ef2c2ceb8ddad8768", size = 20055 }
wheels = [
    { url = "https://files.pythonhosted.org/packages/55/72/4898c44ee9ea6f43396fbc23d9bfaf3d06e01b83698bdf2e4c919deceb7c/platformdirs-4.2.0-py3-none-any.whl", hash = "sha256:0614df2a2f37e1a662acbd8e2b25b92ccf8632929bc6d43467e17fe89c75e068", size = 17717 },
]

[[package]]
name = "pluggy"
version = "1.4.0"
source = { registry = "https://pypi.org/simple" }
sdist = { url = "https://files.pythonhosted.org/packages/54/c6/43f9d44d92aed815e781ca25ba8c174257e27253a94630d21be8725a2b59/pluggy-1.4.0.tar.gz", hash = "sha256:8c85c2876142a764e5b7548e7d9a0e0ddb46f5185161049a79b7e974454223be", size = 65812 }
wheels = [
    { url = "https://files.pythonhosted.org/packages/a5/5b/0cc789b59e8cc1bf288b38111d002d8c5917123194d45b29dcdac64723cc/pluggy-1.4.0-py3-none-any.whl", hash = "sha256:7db9f7b503d67d1c5b95f59773ebb58a8c1c288129a88665838012cfb07b8981", size = 20120 },
]

[[package]]
name = "pycodestyle"
version = "2.11.1"
source = { registry = "https://pypi.org/simple" }
sdist = { url = "https://files.pythonhosted.org/packages/34/8f/fa09ae2acc737b9507b5734a9aec9a2b35fa73409982f57db1b42f8c3c65/pycodestyle-2.11.1.tar.gz", hash = "sha256:41ba0e7afc9752dfb53ced5489e89f8186be00e599e712660695b7a75ff2663f", size = 38974 }
wheels = [
    { url = "https://files.pythonhosted.org/packages/b1/90/a998c550d0ddd07e38605bb5c455d00fcc177a800ff9cc3dafdcb3dd7b56/pycodestyle-2.11.1-py2.py3-none-any.whl", hash = "sha256:44fe31000b2d866f2e41841b18528a505fbd7fef9017b04eff4e2648a0fadc67", size = 31132 },
]

[[package]]
name = "pyflakes"
version = "3.2.0"
source = { registry = "https://pypi.org/simple" }
sdist = { url = "https://files.pythonhosted.org/packages/57/f9/669d8c9c86613c9d568757c7f5824bd3197d7b1c6c27553bc5618a27cce2/pyflakes-3.2.0.tar.gz", hash = "sha256:1c61603ff154621fb2a9172037d84dca3500def8c8b630657d1701f026f8af3f", size = 63788 }
wheels = [
    { url = "https://files.pythonhosted.org/packages/d4/d7/f1b7db88d8e4417c5d47adad627a93547f44bdc9028372dbd2313f34a855/pyflakes-3.2.0-py2.py3-none-any.whl", hash = "sha256:84b5be138a2dfbb40689ca07e2152deb896a65c3a3e24c251c5c62489568074a", size = 62725 },
]

[[package]]
name = "pyfltr"
source = { editable = "." }
dependencies = [
    { name = "autoflake" },
    { name = "black" },
    { name = "dill" },
    { name = "flake8-bugbear" },
    { name = "flake8-tidy-imports" },
    { name = "isort" },
    { name = "joblib" },
    { name = "mypy" },
    { name = "pylint" },
    { name = "pyproject-flake8" },
    { name = "pytest" },
    { name = "pyupgrade" },
    { name = "tomli" },
]

[package.dev-dependencies]
dev = [
    { name = "pytest-mock" },
]

[package.metadata]
requires-dist = [
    { name = "autoflake", specifier = ">=2.0" },
    { name = "black", specifier = ">=22.0" },
    { name = "dill", specifier = ">=0.3" },
    { name = "flake8-bugbear", specifier = ">=23.0" },
    { name = "flake8-tidy-imports", specifier = ">=4.11.0" },
    { name = "isort", specifier = ">=5.0" },
    { name = "joblib", specifier = ">=1.3" },
    { name = "mypy", specifier = ">=1.0" },
    { name = "pylint", specifier = ">=3.0" },
    { name = "pyproject-flake8", specifier = ">=7.0" },
    { name = "pytest", specifier = ">=7.0" },
    { name = "pyupgrade", specifier = ">=3.0" },
    { name = "tomli", specifier = ">=2.0" },
]

[package.metadata.requires-dev]
dev = [{ name = "pytest-mock" }]

[[package]]
name = "pylint"
version = "3.0.4"
source = { registry = "https://pypi.org/simple" }
dependencies = [
    { name = "astroid" },
    { name = "colorama", marker = "sys_platform == 'win32'" },
    { name = "dill" },
    { name = "isort" },
    { name = "mccabe" },
    { name = "platformdirs" },
    { name = "tomli", marker = "python_full_version < '3.11'" },
    { name = "tomlkit" },
]
sdist = { url = "https://files.pythonhosted.org/packages/7a/a9/0edfeed967a09781f7f15ab347a57467cc12341afdde3785474f0c6129bc/pylint-3.0.4.tar.gz", hash = "sha256:d73b70b3fff8f3fbdcb49a209b9c7d71d8090c138d61d576d1895e152cb392b3", size = 442328 }
wheels = [
    { url = "https://files.pythonhosted.org/packages/86/97/d4b9cf8ea5d8660f38ec6812c3a0c22562b6a5add9676f3841471859a971/pylint-3.0.4-py3-none-any.whl", hash = "sha256:59ab3532506f32affefeb50d5057a221bb351f5a1383fa36c424c2c6c05e7005", size = 511188 },
]

[[package]]
name = "pyproject-flake8"
version = "7.0.0"
source = { registry = "https://pypi.org/simple" }
dependencies = [
    { name = "flake8" },
    { name = "tomli", marker = "python_full_version < '3.11'" },
]
sdist = { url = "https://files.pythonhosted.org/packages/51/c3/619735aa5097b41e2af1a7e067e8859dea59689386b00c2efb7a8b7dc401/pyproject_flake8-7.0.0.tar.gz", hash = "sha256:5b953592336bc04d86e8942fdca1014256044a3445c8b6ca9467d08636749158", size = 4629 }
wheels = [
    { url = "https://files.pythonhosted.org/packages/3a/49/34cb28f055739c442383cffe72f57d5eb924a9535ffc9c80edacff0f37f7/pyproject_flake8-7.0.0-py3-none-any.whl", hash = "sha256:611e91b49916e6d0685f88423ad4baff490888278a258975403c0dee6eb6072e", size = 5481 },
]

[[package]]
name = "pytest"
version = "8.0.1"
source = { registry = "https://pypi.org/simple" }
dependencies = [
    { name = "colorama", marker = "sys_platform == 'win32'" },
    { name = "exceptiongroup", marker = "python_full_version < '3.11'" },
    { name = "iniconfig" },
    { name = "packaging" },
    { name = "pluggy" },
    { name = "tomli", marker = "python_full_version < '3.11'" },
]
sdist = { url = "https://files.pythonhosted.org/packages/57/93/429cffe6e4b45ef6ef392a30a090a7a431088417fb75f9bc142f4c24f23b/pytest-8.0.1.tar.gz", hash = "sha256:267f6563751877d772019b13aacbe4e860d73fe8f651f28112e9ac37de7513ae", size = 1396338 }
wheels = [
    { url = "https://files.pythonhosted.org/packages/2e/28/30125a808a2448d72fdba26d01ef2bec76a3c860c8694b636e6104e38713/pytest-8.0.1-py3-none-any.whl", hash = "sha256:3e4f16fe1c0a9dc9d9389161c127c3edc5d810c38d6793042fb81d9f48a59fca", size = 333965 },
]

[[package]]
name = "pytest-mock"
version = "3.12.0"
source = { registry = "https://pypi.org/simple" }
dependencies = [
    { name = "pytest" },
]
sdist = { url = "https://files.pythonhosted.org/packages/b3/96/25588c55fbe330b751bd7c7d723c3544957566bc090f6d506551b514f488/pytest-mock-3.12.0.tar.gz", hash = "sha256:31a40f038c22cad32287bb43932054451ff5583ff094bca6f675df2f8bc1a6e9", size = 32139 }
wheels = [
    { url = "https://files.pythonhosted.org/packages/b9/25/b29fd10dd062cf41e66787a7951b3842881a2a2d7e3a41fcbb58a8466046/pytest_mock-3.12.0-py3-none-any.whl", hash = "sha256:0972719a7263072da3a21c7f4773069bcc7486027d7e8e1f81d98a47e701bc4f", size = 9771 },
]

[[package]]
name = "pyupgrade"
version = "3.15.1"
source = { registry = "https://pypi.org/simple" }
dependencies = [
    { name = "tokenize-rt" },
]
sdist = { url = "https://files.pythonhosted.org/packages/64/2f/b5c8cd984289e1f63964647244239323f0c7d5e22068d2e03bf86fd5a0e1/pyupgrade-3.15.1.tar.gz", hash = "sha256:7690857cae0f6253f39241dcd2e57118c333c438b78609fc3c17a5aa61227b7d", size = 44925 }
wheels = [
    { url = "https://files.pythonhosted.org/packages/aa/06/2ee12cb0825497f3b9a5afca35a0388bf98f0fe7842cd19cd9209dffad07/pyupgrade-3.15.1-py2.py3-none-any.whl", hash = "sha256:c5e005de2805edcd333d1deb04553200ec69da85e4bc9db37b16345ed9e27ed9", size = 61209 },
]

[[package]]
name = "tokenize-rt"
version = "5.2.0"
source = { registry = "https://pypi.org/simple" }
sdist = { url = "https://files.pythonhosted.org/packages/23/9c/1405c291295e26f94475bd76ba581e216b62389be28b031a98e370f981bb/tokenize_rt-5.2.0.tar.gz", hash = "sha256:9fe80f8a5c1edad2d3ede0f37481cc0cc1538a2f442c9c2f9e4feacd2792d054", size = 5289 }
wheels = [
    { url = "https://files.pythonhosted.org/packages/8d/35/78f03aa48cfebd13646707f64477bc7eacf1081edcdcd1b4d57cb1b5d0a8/tokenize_rt-5.2.0-py2.py3-none-any.whl", hash = "sha256:b79d41a65cfec71285433511b50271b05da3584a1da144a0752e9c621a285289", size = 5795 },
]

[[package]]
name = "tomli"
version = "2.0.1"
source = { registry = "https://pypi.org/simple" }
sdist = { url = "https://files.pythonhosted.org/packages/c0/3f/d7af728f075fb08564c5949a9c95e44352e23dee646869fa104a3b2060a3/tomli-2.0.1.tar.gz", hash = "sha256:de526c12914f0c550d15924c62d72abc48d6fe7364aa87328337a31007fe8a4f", size = 15164 }
wheels = [
    { url = "https://files.pythonhosted.org/packages/97/75/10a9ebee3fd790d20926a90a2547f0bf78f371b2f13aa822c759680ca7b9/tomli-2.0.1-py3-none-any.whl", hash = "sha256:939de3e7a6161af0c887ef91b7d41a53e7c5a1ca976325f429cb46ea9bc30ecc", size = 12757 },
]

[[package]]
name = "tomlkit"
version = "0.12.3"
source = { registry = "https://pypi.org/simple" }
sdist = { url = "https://files.pythonhosted.org/packages/df/fc/1201a374b9484f034da4ec84215b7b9f80ed1d1ea989d4c02167afaa4400/tomlkit-0.12.3.tar.gz", hash = "sha256:75baf5012d06501f07bee5bf8e801b9f343e7aac5a92581f20f80ce632e6b5a4", size = 190967 }
wheels = [
    { url = "https://files.pythonhosted.org/packages/6e/43/159750d32481f16e34cc60090b53bc0a14314ad0c1f67a9bb64f3f3a0551/tomlkit-0.12.3-py3-none-any.whl", hash = "sha256:b0a645a9156dc7cb5d3a1f0d4bab66db287fcb8e0430bdd4664a095ea16414ba", size = 37579 },
]

[[package]]
name = "typing-extensions"
version = "4.9.0"
source = { registry = "https://pypi.org/simple" }
sdist = { url = "https://files.pythonhosted.org/packages/0c/1d/eb26f5e75100d531d7399ae800814b069bc2ed2a7410834d57374d010d96/typing_extensions-4.9.0.tar.gz", hash = "sha256:23478f88c37f27d76ac8aee6c905017a143b0b1b886c3c9f66bc2fd94f9f5783", size = 74918 }
wheels = [
    { url = "https://files.pythonhosted.org/packages/b7/f4/6a90020cd2d93349b442bfcb657d0dc91eee65491600b2cb1d388bc98e6b/typing_extensions-4.9.0-py3-none-any.whl", hash = "sha256:af72aea155e91adfc61c3ae9e0e342dbc0cba726d6cba4b6c72c1f34e47291cd", size = 32750 },
]
