# This file is automatically @generated by Poetry 1.8.3 and should not be changed by hand.

[[package]]
name = "utils"
version = "1.0.2"
description = "A grab-bag of utility functions and objects"
optional = false
python-versions = ">=3.6"
files = [
    {file = "utils-1.0.2.tar.gz", hash = "sha256:f4d5157e27e9d434006b5b52a1ec951a34e53e7ecaa145d43a153ec452eb5d9e"},
]

[metadata]
lock-version = "2.0"
python-versions = "^3.12"
content-hash = "45de63a1f2cd09fc51895075c8bd8a7914d4142705d67a0d503935126bb51c8b"
