version = 1
revision = 1
requires-python = ">=3.12"

[[package]]
name = "docstring-to-markdown"
version = "0.17"
source = { registry = "https://pypi.org/simple" }
dependencies = [
    { name = "importlib-metadata" },
    { name = "typing-extensions" },
]
sdist = { url = "https://files.pythonhosted.org/packages/52/d8/8abe80d62c5dce1075578031bcfde07e735bcf0afe2886dd48b470162ab4/docstring_to_markdown-0.17.tar.gz", hash = "sha256:df72a112294c7492487c9da2451cae0faeee06e86008245c188c5761c9590ca3", size = 32260 }
wheels = [
    { url = "https://files.pythonhosted.org/packages/56/7b/af3d0da15bed3a8665419bb3a630585756920f4ad67abfdfef26240ebcc0/docstring_to_markdown-0.17-py3-none-any.whl", hash = "sha256:fd7d5094aa83943bf5f9e1a13701866b7c452eac19765380dead666e36d3711c", size = 23479 },
]

[[package]]
name = "h3"
version = "4.2.2"
source = { registry = "https://pypi.org/simple" }
sdist = { url = "https://files.pythonhosted.org/packages/25/2a/dac23698122456ce12345e0a1408c23bc389eaffab5eb7689b8e080d9dfb/h3-4.2.2.tar.gz", hash = "sha256:5cc78d546b5c732f480a842e3e436c393fe37fe59b063fe9cb5589206b7c4c7e", size = 167640 }
wheels = [
    { url = "https://files.pythonhosted.org/packages/57/29/853abc62ca5526163b29ec8be0b1229f87d99ac7e7565be738856eda3091/h3-4.2.2-cp312-cp312-macosx_10_13_x86_64.whl", hash = "sha256:c09b7df785cf8a191e33e3b15ba34aef864b78061b2aeaee87a434aa703bb29c", size = 899353 },
    { url = "https://files.pythonhosted.org/packages/e3/2e/0ade7631f0bb959c72c6eaab05f4d4f009224d0062950975dbf7d5f0db38/h3-4.2.2-cp312-cp312-macosx_11_0_arm64.whl", hash = "sha256:35afe80a011abf9ffa8bc885b847a01a0909fca6556f6f997d6adf7beec87e38", size = 837002 },
    { url = "https://files.pythonhosted.org/packages/33/e9/b75c1cdc11b68064e82720f66d22a97e8296aa59194d132b6cbf09c9fd34/h3-4.2.2-cp312-cp312-manylinux_2_17_aarch64.manylinux2014_aarch64.whl", hash = "sha256:6a56aa550e56de5fc9726fd20f484b23a336d6b0844e40604500ce9c3bc8f86c", size = 959920 },
    { url = "https://files.pythonhosted.org/packages/fd/b0/2fb42bd02f5d11baba3e81ed524ec1c4ab92ca73050316f2d2955ecf9c1d/h3-4.2.2-cp312-cp312-manylinux_2_17_x86_64.manylinux2014_x86_64.whl", hash = "sha256:e83d7484441f42a6bcd0ffc9626387e4ff8a7563ae659667f5b59b814fe198b7", size = 1014727 },
    { url = "https://files.pythonhosted.org/packages/5c/10/4a29b577f27e94f087733f3ebffa918e1e66ef22e0d1862ef52f4c9aa040/h3-4.2.2-cp312-cp312-musllinux_1_2_x86_64.whl", hash = "sha256:737d7cf3aeebc60b0e091220a1bdf94608f16457589cf67acc288444ee5f5dc8", size = 1061560 },
    { url = "https://files.pythonhosted.org/packages/25/15/717815d4b34d2776241de2815ab415aa86a097abf6c76c6b5b67f5954927/h3-4.2.2-cp312-cp312-win_amd64.whl", hash = "sha256:bc61382bceff776f0d6278e6ba54d94c9e15137d527adbd50914c7591f9c4460", size = 813445 },
    { url = "https://files.pythonhosted.org/packages/4f/bb/e362d88633f309633f28d958ec0eb813166711972d4538afd337d151169e/h3-4.2.2-cp313-cp313-macosx_10_13_x86_64.whl", hash = "sha256:d70059de58956d58a92213a0b7adbc4fcf643a102911bc1ad637c99554765add", size = 891287 },
    { url = "https://files.pythonhosted.org/packages/a7/99/0827284f7a8dfe4b7680d5c2143a16d49fa2d2e01a26e6af08b992d96003/h3-4.2.2-cp313-cp313-macosx_11_0_arm64.whl", hash = "sha256:a9b32da65d9ed6f97ca9ff404721c97f0faec5656e205a7601628ae402f2b282", size = 829418 },
    { url = "https://files.pythonhosted.org/packages/0d/33/67ffd531b1b9b7f4b01da7f7fcad29b367909146bf3ebc290c3267c02580/h3-4.2.2-cp313-cp313-manylinux_2_17_aarch64.manylinux2014_aarch64.whl", hash = "sha256:0bea5b734343c5074c60a575cb609157f51aa1c8da5c4064491bb5c58a4dac55", size = 954805 },
    { url = "https://files.pythonhosted.org/packages/0d/1b/514cfd2dffdf18259b39dc0178a10cb15257ef5365bcbb99b2c682f96c89/h3-4.2.2-cp313-cp313-manylinux_2_17_x86_64.manylinux2014_x86_64.whl", hash = "sha256:a7836e8e32c30f34fba1c26cdce8e4e7b4a9f48d18f3a2ab9edfeee995deb92a", size = 1008989 },
    { url = "https://files.pythonhosted.org/packages/59/5d/db71fc5e8d82aa63717d3c12ad9e482b128f66a76f11c17f9c80701f12a8/h3-4.2.2-cp313-cp313-musllinux_1_2_x86_64.whl", hash = "sha256:652299d3bef76af65f5166bc4af0598afa6c7d93cfc13c7a645a95d8c8e5b10e", size = 1058255 },
    { url = "https://files.pythonhosted.org/packages/b8/c5/6088ff388e73376fc672752059df37bf17b13b3f3b8ed55d178f2833e89c/h3-4.2.2-cp313-cp313-win_amd64.whl", hash = "sha256:dfda0f2864462f074cc22df75a50b9db010988e341a1871993675bb21954891b", size = 810071 },
]

[[package]]
name = "importlib-metadata"
version = "8.7.0"
source = { registry = "https://pypi.org/simple" }
dependencies = [
    { name = "zipp" },
]
sdist = { url = "https://files.pythonhosted.org/packages/76/66/650a33bd90f786193e4de4b3ad86ea60b53c89b669a5c7be931fac31cdb0/importlib_metadata-8.7.0.tar.gz", hash = "sha256:d13b81ad223b890aa16c5471f2ac3056cf76c5f10f82d6f9292f0b415f389000", size = 56641 }
wheels = [
    { url = "https://files.pythonhosted.org/packages/20/b0/36bd937216ec521246249be3bf9855081de4c5e06a0c9b4219dbeda50373/importlib_metadata-8.7.0-py3-none-any.whl", hash = "sha256:e5dd1551894c77868a30651cef00984d50e1002d06942a7101d34870c5f02afd", size = 27656 },
]

[[package]]
name = "jedi"
version = "0.19.2"
source = { registry = "https://pypi.org/simple" }
dependencies = [
    { name = "parso" },
]
sdist = { url = "https://files.pythonhosted.org/packages/72/3a/79a912fbd4d8dd6fbb02bf69afd3bb72cf0c729bb3063c6f4498603db17a/jedi-0.19.2.tar.gz", hash = "sha256:4770dc3de41bde3966b02eb84fbcf557fb33cce26ad23da12c742fb50ecb11f0", size = 1231287 }
wheels = [
    { url = "https://files.pythonhosted.org/packages/c0/5a/9cac0c82afec3d09ccd97c8b6502d48f165f9124db81b4bcb90b4af974ee/jedi-0.19.2-py2.py3-none-any.whl", hash = "sha256:a8ef22bde8490f57fe5c7681a3c83cb58874daf72b4784de3cce5b6ef6edb5b9", size = 1572278 },
]

[[package]]
name = "numpy"
version = "2.2.5"
source = { registry = "https://pypi.org/simple" }
sdist = { url = "https://files.pythonhosted.org/packages/dc/b2/ce4b867d8cd9c0ee84938ae1e6a6f7926ebf928c9090d036fc3c6a04f946/numpy-2.2.5.tar.gz", hash = "sha256:a9c0d994680cd991b1cb772e8b297340085466a6fe964bc9d4e80f5e2f43c291", size = 20273920 }
wheels = [
    { url = "https://files.pythonhosted.org/packages/e2/f7/1fd4ff108cd9d7ef929b8882692e23665dc9c23feecafbb9c6b80f4ec583/numpy-2.2.5-cp312-cp312-macosx_10_13_x86_64.whl", hash = "sha256:ee461a4eaab4f165b68780a6a1af95fb23a29932be7569b9fab666c407969051", size = 20948633 },
    { url = "https://files.pythonhosted.org/packages/12/03/d443c278348371b20d830af155ff2079acad6a9e60279fac2b41dbbb73d8/numpy-2.2.5-cp312-cp312-macosx_11_0_arm64.whl", hash = "sha256:ec31367fd6a255dc8de4772bd1658c3e926d8e860a0b6e922b615e532d320ddc", size = 14176123 },
    { url = "https://files.pythonhosted.org/packages/2b/0b/5ca264641d0e7b14393313304da48b225d15d471250376f3fbdb1a2be603/numpy-2.2.5-cp312-cp312-macosx_14_0_arm64.whl", hash = "sha256:47834cde750d3c9f4e52c6ca28a7361859fcaf52695c7dc3cc1a720b8922683e", size = 5163817 },
    { url = "https://files.pythonhosted.org/packages/04/b3/d522672b9e3d28e26e1613de7675b441bbd1eaca75db95680635dd158c67/numpy-2.2.5-cp312-cp312-macosx_14_0_x86_64.whl", hash = "sha256:2c1a1c6ccce4022383583a6ded7bbcda22fc635eb4eb1e0a053336425ed36dfa", size = 6698066 },
    { url = "https://files.pythonhosted.org/packages/a0/93/0f7a75c1ff02d4b76df35079676b3b2719fcdfb39abdf44c8b33f43ef37d/numpy-2.2.5-cp312-cp312-manylinux_2_17_aarch64.manylinux2014_aarch64.whl", hash = "sha256:9d75f338f5f79ee23548b03d801d28a505198297534f62416391857ea0479571", size = 14087277 },
    { url = "https://files.pythonhosted.org/packages/b0/d9/7c338b923c53d431bc837b5b787052fef9ae68a56fe91e325aac0d48226e/numpy-2.2.5-cp312-cp312-manylinux_2_17_x86_64.manylinux2014_x86_64.whl", hash = "sha256:3a801fef99668f309b88640e28d261991bfad9617c27beda4a3aec4f217ea073", size = 16135742 },
    { url = "https://files.pythonhosted.org/packages/2d/10/4dec9184a5d74ba9867c6f7d1e9f2e0fb5fe96ff2bf50bb6f342d64f2003/numpy-2.2.5-cp312-cp312-musllinux_1_2_aarch64.whl", hash = "sha256:abe38cd8381245a7f49967a6010e77dbf3680bd3627c0fe4362dd693b404c7f8", size = 15581825 },
    { url = "https://files.pythonhosted.org/packages/80/1f/2b6fcd636e848053f5b57712a7d1880b1565eec35a637fdfd0a30d5e738d/numpy-2.2.5-cp312-cp312-musllinux_1_2_x86_64.whl", hash = "sha256:5a0ac90e46fdb5649ab6369d1ab6104bfe5854ab19b645bf5cda0127a13034ae", size = 17899600 },
    { url = "https://files.pythonhosted.org/packages/ec/87/36801f4dc2623d76a0a3835975524a84bd2b18fe0f8835d45c8eae2f9ff2/numpy-2.2.5-cp312-cp312-win32.whl", hash = "sha256:0cd48122a6b7eab8f06404805b1bd5856200e3ed6f8a1b9a194f9d9054631beb", size = 6312626 },
    { url = "https://files.pythonhosted.org/packages/8b/09/4ffb4d6cfe7ca6707336187951992bd8a8b9142cf345d87ab858d2d7636a/numpy-2.2.5-cp312-cp312-win_amd64.whl", hash = "sha256:ced69262a8278547e63409b2653b372bf4baff0870c57efa76c5703fd6543282", size = 12645715 },
    { url = "https://files.pythonhosted.org/packages/e2/a0/0aa7f0f4509a2e07bd7a509042967c2fab635690d4f48c6c7b3afd4f448c/numpy-2.2.5-cp313-cp313-macosx_10_13_x86_64.whl", hash = "sha256:059b51b658f4414fff78c6d7b1b4e18283ab5fa56d270ff212d5ba0c561846f4", size = 20935102 },
    { url = "https://files.pythonhosted.org/packages/7e/e4/a6a9f4537542912ec513185396fce52cdd45bdcf3e9d921ab02a93ca5aa9/numpy-2.2.5-cp313-cp313-macosx_11_0_arm64.whl", hash = "sha256:47f9ed103af0bc63182609044b0490747e03bd20a67e391192dde119bf43d52f", size = 14191709 },
    { url = "https://files.pythonhosted.org/packages/be/65/72f3186b6050bbfe9c43cb81f9df59ae63603491d36179cf7a7c8d216758/numpy-2.2.5-cp313-cp313-macosx_14_0_arm64.whl", hash = "sha256:261a1ef047751bb02f29dfe337230b5882b54521ca121fc7f62668133cb119c9", size = 5149173 },
    { url = "https://files.pythonhosted.org/packages/e5/e9/83e7a9432378dde5802651307ae5e9ea07bb72b416728202218cd4da2801/numpy-2.2.5-cp313-cp313-macosx_14_0_x86_64.whl", hash = "sha256:4520caa3807c1ceb005d125a75e715567806fed67e315cea619d5ec6e75a4191", size = 6684502 },
    { url = "https://files.pythonhosted.org/packages/ea/27/b80da6c762394c8ee516b74c1f686fcd16c8f23b14de57ba0cad7349d1d2/numpy-2.2.5-cp313-cp313-manylinux_2_17_aarch64.manylinux2014_aarch64.whl", hash = "sha256:3d14b17b9be5f9c9301f43d2e2a4886a33b53f4e6fdf9ca2f4cc60aeeee76372", size = 14084417 },
    { url = "https://files.pythonhosted.org/packages/aa/fc/ebfd32c3e124e6a1043e19c0ab0769818aa69050ce5589b63d05ff185526/numpy-2.2.5-cp313-cp313-manylinux_2_17_x86_64.manylinux2014_x86_64.whl", hash = "sha256:2ba321813a00e508d5421104464510cc962a6f791aa2fca1c97b1e65027da80d", size = 16133807 },
    { url = "https://files.pythonhosted.org/packages/bf/9b/4cc171a0acbe4666f7775cfd21d4eb6bb1d36d3a0431f48a73e9212d2278/numpy-2.2.5-cp313-cp313-musllinux_1_2_aarch64.whl", hash = "sha256:a4cbdef3ddf777423060c6f81b5694bad2dc9675f110c4b2a60dc0181543fac7", size = 15575611 },
    { url = "https://files.pythonhosted.org/packages/a3/45/40f4135341850df48f8edcf949cf47b523c404b712774f8855a64c96ef29/numpy-2.2.5-cp313-cp313-musllinux_1_2_x86_64.whl", hash = "sha256:54088a5a147ab71a8e7fdfd8c3601972751ded0739c6b696ad9cb0343e21ab73", size = 17895747 },
    { url = "https://files.pythonhosted.org/packages/f8/4c/b32a17a46f0ffbde8cc82df6d3daeaf4f552e346df143e1b188a701a8f09/numpy-2.2.5-cp313-cp313-win32.whl", hash = "sha256:c8b82a55ef86a2d8e81b63da85e55f5537d2157165be1cb2ce7cfa57b6aef38b", size = 6309594 },
    { url = "https://files.pythonhosted.org/packages/13/ae/72e6276feb9ef06787365b05915bfdb057d01fceb4a43cb80978e518d79b/numpy-2.2.5-cp313-cp313-win_amd64.whl", hash = "sha256:d8882a829fd779f0f43998e931c466802a77ca1ee0fe25a3abe50278616b1471", size = 12638356 },
    { url = "https://files.pythonhosted.org/packages/79/56/be8b85a9f2adb688e7ded6324e20149a03541d2b3297c3ffc1a73f46dedb/numpy-2.2.5-cp313-cp313t-macosx_10_13_x86_64.whl", hash = "sha256:e8b025c351b9f0e8b5436cf28a07fa4ac0204d67b38f01433ac7f9b870fa38c6", size = 20963778 },
    { url = "https://files.pythonhosted.org/packages/ff/77/19c5e62d55bff507a18c3cdff82e94fe174957bad25860a991cac719d3ab/numpy-2.2.5-cp313-cp313t-macosx_11_0_arm64.whl", hash = "sha256:8dfa94b6a4374e7851bbb6f35e6ded2120b752b063e6acdd3157e4d2bb922eba", size = 14207279 },
    { url = "https://files.pythonhosted.org/packages/75/22/aa11f22dc11ff4ffe4e849d9b63bbe8d4ac6d5fae85ddaa67dfe43be3e76/numpy-2.2.5-cp313-cp313t-macosx_14_0_arm64.whl", hash = "sha256:97c8425d4e26437e65e1d189d22dff4a079b747ff9c2788057bfb8114ce1e133", size = 5199247 },
    { url = "https://files.pythonhosted.org/packages/4f/6c/12d5e760fc62c08eded0394f62039f5a9857f758312bf01632a81d841459/numpy-2.2.5-cp313-cp313t-macosx_14_0_x86_64.whl", hash = "sha256:352d330048c055ea6db701130abc48a21bec690a8d38f8284e00fab256dc1376", size = 6711087 },
    { url = "https://files.pythonhosted.org/packages/ef/94/ece8280cf4218b2bee5cec9567629e61e51b4be501e5c6840ceb593db945/numpy-2.2.5-cp313-cp313t-manylinux_2_17_aarch64.manylinux2014_aarch64.whl", hash = "sha256:8b4c0773b6ada798f51f0f8e30c054d32304ccc6e9c5d93d46cb26f3d385ab19", size = 14059964 },
    { url = "https://files.pythonhosted.org/packages/39/41/c5377dac0514aaeec69115830a39d905b1882819c8e65d97fc60e177e19e/numpy-2.2.5-cp313-cp313t-manylinux_2_17_x86_64.manylinux2014_x86_64.whl", hash = "sha256:55f09e00d4dccd76b179c0f18a44f041e5332fd0e022886ba1c0bbf3ea4a18d0", size = 16121214 },
    { url = "https://files.pythonhosted.org/packages/db/54/3b9f89a943257bc8e187145c6bc0eb8e3d615655f7b14e9b490b053e8149/numpy-2.2.5-cp313-cp313t-musllinux_1_2_aarch64.whl", hash = "sha256:02f226baeefa68f7d579e213d0f3493496397d8f1cff5e2b222af274c86a552a", size = 15575788 },
    { url = "https://files.pythonhosted.org/packages/b1/c4/2e407e85df35b29f79945751b8f8e671057a13a376497d7fb2151ba0d290/numpy-2.2.5-cp313-cp313t-musllinux_1_2_x86_64.whl", hash = "sha256:c26843fd58f65da9491165072da2cccc372530681de481ef670dcc8e27cfb066", size = 17893672 },
    { url = "https://files.pythonhosted.org/packages/29/7e/d0b44e129d038dba453f00d0e29ebd6eaf2f06055d72b95b9947998aca14/numpy-2.2.5-cp313-cp313t-win32.whl", hash = "sha256:1a161c2c79ab30fe4501d5a2bbfe8b162490757cf90b7f05be8b80bc02f7bb8e", size = 6377102 },
    { url = "https://files.pythonhosted.org/packages/63/be/b85e4aa4bf42c6502851b971f1c326d583fcc68227385f92089cf50a7b45/numpy-2.2.5-cp313-cp313t-win_amd64.whl", hash = "sha256:d403c84991b5ad291d3809bace5e85f4bbf44a04bdc9a88ed2bb1807b3360bb8", size = 12750096 },
]

[[package]]
name = "parso"
version = "0.8.4"
source = { registry = "https://pypi.org/simple" }
sdist = { url = "https://files.pythonhosted.org/packages/66/94/68e2e17afaa9169cf6412ab0f28623903be73d1b32e208d9e8e541bb086d/parso-0.8.4.tar.gz", hash = "sha256:eb3a7b58240fb99099a345571deecc0f9540ea5f4dd2fe14c2a99d6b281ab92d", size = 400609 }
wheels = [
    { url = "https://files.pythonhosted.org/packages/c6/ac/dac4a63f978e4dcb3c6d3a78c4d8e0192a113d288502a1216950c41b1027/parso-0.8.4-py2.py3-none-any.whl", hash = "sha256:a418670a20291dacd2dddc80c377c5c3791378ee1e8d12bffc35420643d43f18", size = 103650 },
]

[[package]]
name = "pluggy"
version = "1.5.0"
source = { registry = "https://pypi.org/simple" }
sdist = { url = "https://files.pythonhosted.org/packages/96/2d/02d4312c973c6050a18b314a5ad0b3210edb65a906f868e31c111dede4a6/pluggy-1.5.0.tar.gz", hash = "sha256:2cffa88e94fdc978c4c574f15f9e59b7f4201d439195c3715ca9e2486f1d0cf1", size = 67955 }
wheels = [
    { url = "https://files.pythonhosted.org/packages/88/5f/e351af9a41f866ac3f1fac4ca0613908d9a41741cfcf2228f4ad853b697d/pluggy-1.5.0-py3-none-any.whl", hash = "sha256:44e1ad92c8ca002de6377e165f3e0f1be63266ab4d554740532335b9d75ea669", size = 20556 },
]

[[package]]
name = "point2pin"
version = "0.1.1"
source = { editable = "." }
dependencies = [
    { name = "h3" },
    { name = "shapely" },
]

[package.dev-dependencies]
dev = [
    { name = "python-lsp-server" },
]

[package.metadata]
requires-dist = [
    { name = "h3", specifier = ">=4.2.2" },
    { name = "shapely", specifier = ">=2.1.0" },
]

[package.metadata.requires-dev]
dev = [{ name = "python-lsp-server", specifier = ">=1.12.2" }]

[[package]]
name = "python-lsp-jsonrpc"
version = "1.1.2"
source = { registry = "https://pypi.org/simple" }
dependencies = [
    { name = "ujson" },
]
sdist = { url = "https://files.pythonhosted.org/packages/48/b6/fd92e2ea4635d88966bb42c20198df1a981340f07843b5e3c6694ba3557b/python-lsp-jsonrpc-1.1.2.tar.gz", hash = "sha256:4688e453eef55cd952bff762c705cedefa12055c0aec17a06f595bcc002cc912", size = 15298 }
wheels = [
    { url = "https://files.pythonhosted.org/packages/cb/d9/656659d5b5d5f402b2b174cd0ba9bc827e07ce3c0bf88da65424baf64af8/python_lsp_jsonrpc-1.1.2-py3-none-any.whl", hash = "sha256:7339c2e9630ae98903fdaea1ace8c47fba0484983794d6aafd0bd8989be2b03c", size = 8805 },
]

[[package]]
name = "python-lsp-server"
version = "1.12.2"
source = { registry = "https://pypi.org/simple" }
dependencies = [
    { name = "docstring-to-markdown" },
    { name = "jedi" },
    { name = "pluggy" },
    { name = "python-lsp-jsonrpc" },
    { name = "ujson" },
]
sdist = { url = "https://files.pythonhosted.org/packages/cc/0f/3d63c5f37edca529a2a003a30add97dcce67a83a99dd932528f623aa1df9/python_lsp_server-1.12.2.tar.gz", hash = "sha256:fea039a36b3132774d0f803671184cf7dde0c688e7b924f23a6359a66094126d", size = 115054 }
wheels = [
    { url = "https://files.pythonhosted.org/packages/cb/e7/28010a326ef591e1409daf9d57a47de94156c147ad1befe74d8196d82729/python_lsp_server-1.12.2-py3-none-any.whl", hash = "sha256:750116459449184ba20811167cdf96f91296ae12f1f65ebd975c5c159388111b", size = 74773 },
]

[[package]]
name = "shapely"
version = "2.1.0"
source = { registry = "https://pypi.org/simple" }
dependencies = [
    { name = "numpy" },
]
sdist = { url = "https://files.pythonhosted.org/packages/fb/fe/3b0d2f828ffaceadcdcb51b75b9c62d98e62dd95ce575278de35f24a1c20/shapely-2.1.0.tar.gz", hash = "sha256:2cbe90e86fa8fc3ca8af6ffb00a77b246b918c7cf28677b7c21489b678f6b02e", size = 313617 }
wheels = [
    { url = "https://files.pythonhosted.org/packages/4e/d1/6a9371ec39d3ef08e13225594e6c55b045209629afd9e6d403204507c2a8/shapely-2.1.0-cp312-cp312-macosx_10_13_x86_64.whl", hash = "sha256:53e7ee8bd8609cf12ee6dce01ea5affe676976cf7049315751d53d8db6d2b4b2", size = 1830732 },
    { url = "https://files.pythonhosted.org/packages/32/87/799e3e48be7ce848c08509b94d2180f4ddb02e846e3c62d0af33da4d78d3/shapely-2.1.0-cp312-cp312-macosx_11_0_arm64.whl", hash = "sha256:3cab20b665d26dbec0b380e15749bea720885a481fa7b1eedc88195d4a98cfa4", size = 1638404 },
    { url = "https://files.pythonhosted.org/packages/85/00/6665d77f9dd09478ab0993b8bc31668aec4fd3e5f1ddd1b28dd5830e47be/shapely-2.1.0-cp312-cp312-manylinux_2_17_aarch64.manylinux2014_aarch64.whl", hash = "sha256:f4a38b39a09340273c3c92b3b9a374272a12cc7e468aeeea22c1c46217a03e5c", size = 2945316 },
    { url = "https://files.pythonhosted.org/packages/34/49/738e07d10bbc67cae0dcfe5a484c6e518a517f4f90550dda2adf3a78b9f2/shapely-2.1.0-cp312-cp312-manylinux_2_17_x86_64.manylinux2014_x86_64.whl", hash = "sha256:edaec656bdd9b71278b98e6f77c464b1c3b2daa9eace78012ff0f0b4b5b15b04", size = 3063099 },
    { url = "https://files.pythonhosted.org/packages/88/b8/138098674559362ab29f152bff3b6630de423378fbb0324812742433a4ef/shapely-2.1.0-cp312-cp312-musllinux_1_2_aarch64.whl", hash = "sha256:c8a732ddd9b25e7a54aa748e7df8fd704e23e5d5d35b7d376d80bffbfc376d04", size = 3887873 },
    { url = "https://files.pythonhosted.org/packages/67/a8/fdae7c2db009244991d86f4d2ca09d2f5ccc9d41c312c3b1ee1404dc55da/shapely-2.1.0-cp312-cp312-musllinux_1_2_x86_64.whl", hash = "sha256:9c93693ad8adfdc9138a5a2d42da02da94f728dd2e82d2f0f442f10e25027f5f", size = 4067004 },
    { url = "https://files.pythonhosted.org/packages/ed/78/17e17d91b489019379df3ee1afc4bd39787b232aaa1d540f7d376f0280b7/shapely-2.1.0-cp312-cp312-win32.whl", hash = "sha256:d8ac6604eefe807e71a908524de23a37920133a1729fe3a4dfe0ed82c044cbf4", size = 1527366 },
    { url = "https://files.pythonhosted.org/packages/b8/bd/9249bd6dda948441e25e4fb14cbbb5205146b0fff12c66b19331f1ff2141/shapely-2.1.0-cp312-cp312-win_amd64.whl", hash = "sha256:f4f47e631aa4f9ec5576eac546eb3f38802e2f82aeb0552f9612cb9a14ece1db", size = 1708265 },
    { url = "https://files.pythonhosted.org/packages/8d/77/4e368704b2193e74498473db4461d697cc6083c96f8039367e59009d78bd/shapely-2.1.0-cp313-cp313-macosx_10_13_x86_64.whl", hash = "sha256:b64423295b563f43a043eb786e7a03200ebe68698e36d2b4b1c39f31dfb50dfb", size = 1830029 },
    { url = "https://files.pythonhosted.org/packages/71/3c/d888597bda680e4de987316b05ca9db07416fa29523beff64f846503302f/shapely-2.1.0-cp313-cp313-macosx_11_0_arm64.whl", hash = "sha256:1b5578f45adc25b235b22d1ccb9a0348c8dc36f31983e57ea129a88f96f7b870", size = 1637999 },
    { url = "https://files.pythonhosted.org/packages/03/8d/ee0e23b7ef88fba353c63a81f1f329c77f5703835db7b165e7c0b8b7f839/shapely-2.1.0-cp313-cp313-manylinux_2_17_aarch64.manylinux2014_aarch64.whl", hash = "sha256:d1a7e83d383b27f02b684e50ab7f34e511c92e33b6ca164a6a9065705dd64bcb", size = 2929348 },
    { url = "https://files.pythonhosted.org/packages/d1/a7/5c9cb413e4e2ce52c16be717e94abd40ce91b1f8974624d5d56154c5d40b/shapely-2.1.0-cp313-cp313-manylinux_2_17_x86_64.manylinux2014_x86_64.whl", hash = "sha256:942031eb4d8f7b3b22f43ba42c09c7aa3d843aa10d5cc1619fe816e923b66e55", size = 3048973 },
    { url = "https://files.pythonhosted.org/packages/84/23/45b90c0bd2157b238490ca56ef2eedf959d3514c7d05475f497a2c88b6d9/shapely-2.1.0-cp313-cp313-musllinux_1_2_aarch64.whl", hash = "sha256:d2843c456a2e5627ee6271800f07277c0d2652fb287bf66464571a057dbc00b3", size = 3873148 },
    { url = "https://files.pythonhosted.org/packages/c0/bc/ed7d5d37f5395166042576f0c55a12d7e56102799464ba7ea3a72a38c769/shapely-2.1.0-cp313-cp313-musllinux_1_2_x86_64.whl", hash = "sha256:8c4b17469b7f39a5e6a7cfea79f38ae08a275427f41fe8b48c372e1449147908", size = 4052655 },
    { url = "https://files.pythonhosted.org/packages/c0/8f/a1dafbb10d20d1c569f2db3fb1235488f624dafe8469e8ce65356800ba31/shapely-2.1.0-cp313-cp313-win32.whl", hash = "sha256:30e967abd08fce49513d4187c01b19f139084019f33bec0673e8dbeb557c45e4", size = 1526600 },
    { url = "https://files.pythonhosted.org/packages/e3/f0/9f8cdf2258d7aed742459cea51c70d184de92f5d2d6f5f7f1ded90a18c31/shapely-2.1.0-cp313-cp313-win_amd64.whl", hash = "sha256:1dc8d4364483a14aba4c844b7bd16a6fa3728887e2c33dfa1afa34a3cf4d08a5", size = 1707115 },
    { url = "https://files.pythonhosted.org/packages/75/ed/32952df461753a65b3e5d24c8efb361d3a80aafaef0b70d419063f6f2c11/shapely-2.1.0-cp313-cp313t-macosx_10_13_x86_64.whl", hash = "sha256:673e073fea099d1c82f666fb7ab0a00a77eff2999130a69357ce11941260d855", size = 1824847 },
    { url = "https://files.pythonhosted.org/packages/ff/b9/2284de512af30b02f93ddcdd2e5c79834a3cf47fa3ca11b0f74396feb046/shapely-2.1.0-cp313-cp313t-macosx_11_0_arm64.whl", hash = "sha256:6d1513f915a56de67659fe2047c1ad5ff0f8cbff3519d1e74fced69c9cb0e7da", size = 1631035 },
    { url = "https://files.pythonhosted.org/packages/35/16/a59f252a7e736b73008f10d0950ffeeb0d5953be7c0bdffd39a02a6ba310/shapely-2.1.0-cp313-cp313t-manylinux_2_17_aarch64.manylinux2014_aarch64.whl", hash = "sha256:0d6a7043178890b9e028d80496ff4c79dc7629bff4d78a2f25323b661756bab8", size = 2968639 },
    { url = "https://files.pythonhosted.org/packages/a5/0a/6a20eca7b0092cfa243117e8e145a58631a4833a0a519ec9b445172e83a0/shapely-2.1.0-cp313-cp313t-manylinux_2_17_x86_64.manylinux2014_x86_64.whl", hash = "sha256:cb638378dc3d76f7e85b67d7e2bb1366811912430ac9247ac00c127c2b444cdc", size = 3055713 },
    { url = "https://files.pythonhosted.org/packages/fb/44/eeb0c7583b1453d1cf7a319a1d738e08f98a5dc993fa1ef3c372983e4cb5/shapely-2.1.0-cp313-cp313t-musllinux_1_2_aarch64.whl", hash = "sha256:737124e87d91d616acf9a911f74ac55e05db02a43a6a7245b3d663817b876055", size = 3890478 },
    { url = "https://files.pythonhosted.org/packages/5d/6e/37ff3c6af1d408cacb0a7d7bfea7b8ab163a5486e35acb08997eae9d8756/shapely-2.1.0-cp313-cp313t-musllinux_1_2_x86_64.whl", hash = "sha256:8e6c229e7bb87aae5df82fa00b6718987a43ec168cc5affe095cca59d233f314", size = 4036148 },
    { url = "https://files.pythonhosted.org/packages/c8/6a/8c0b7de3aeb5014a23f06c5e9d3c7852ebcf0d6b00fe660b93261e310e24/shapely-2.1.0-cp313-cp313t-win32.whl", hash = "sha256:a9580bda119b1f42f955aa8e52382d5c73f7957e0203bc0c0c60084846f3db94", size = 1535993 },
    { url = "https://files.pythonhosted.org/packages/a8/91/ae80359a58409d52e4d62c7eacc7eb3ddee4b9135f1db884b6a43cf2e174/shapely-2.1.0-cp313-cp313t-win_amd64.whl", hash = "sha256:e8ff4e5cfd799ba5b6f37b5d5527dbd85b4a47c65b6d459a03d0962d2a9d4d10", size = 1717777 },
]

[[package]]
name = "typing-extensions"
version = "4.13.2"
source = { registry = "https://pypi.org/simple" }
sdist = { url = "https://files.pythonhosted.org/packages/f6/37/23083fcd6e35492953e8d2aaaa68b860eb422b34627b13f2ce3eb6106061/typing_extensions-4.13.2.tar.gz", hash = "sha256:e6c81219bd689f51865d9e372991c540bda33a0379d5573cddb9a3a23f7caaef", size = 106967 }
wheels = [
    { url = "https://files.pythonhosted.org/packages/8b/54/b1ae86c0973cc6f0210b53d508ca3641fb6d0c56823f288d108bc7ab3cc8/typing_extensions-4.13.2-py3-none-any.whl", hash = "sha256:a439e7c04b49fec3e5d3e2beaa21755cadbbdc391694e28ccdd36ca4a1408f8c", size = 45806 },
]

[[package]]
name = "ujson"
version = "5.10.0"
source = { registry = "https://pypi.org/simple" }
sdist = { url = "https://files.pythonhosted.org/packages/f0/00/3110fd566786bfa542adb7932d62035e0c0ef662a8ff6544b6643b3d6fd7/ujson-5.10.0.tar.gz", hash = "sha256:b3cd8f3c5d8c7738257f1018880444f7b7d9b66232c64649f562d7ba86ad4bc1", size = 7154885 }
wheels = [
    { url = "https://files.pythonhosted.org/packages/e8/a6/fd3f8bbd80842267e2d06c3583279555e8354c5986c952385199d57a5b6c/ujson-5.10.0-cp312-cp312-macosx_10_9_x86_64.whl", hash = "sha256:98ba15d8cbc481ce55695beee9f063189dce91a4b08bc1d03e7f0152cd4bbdd5", size = 55642 },
    { url = "https://files.pythonhosted.org/packages/a8/47/dd03fd2b5ae727e16d5d18919b383959c6d269c7b948a380fdd879518640/ujson-5.10.0-cp312-cp312-macosx_11_0_arm64.whl", hash = "sha256:a9d2edbf1556e4f56e50fab7d8ff993dbad7f54bac68eacdd27a8f55f433578e", size = 51807 },
    { url = "https://files.pythonhosted.org/packages/25/23/079a4cc6fd7e2655a473ed9e776ddbb7144e27f04e8fc484a0fb45fe6f71/ujson-5.10.0-cp312-cp312-manylinux_2_17_aarch64.manylinux2014_aarch64.whl", hash = "sha256:6627029ae4f52d0e1a2451768c2c37c0c814ffc04f796eb36244cf16b8e57043", size = 51972 },
    { url = "https://files.pythonhosted.org/packages/04/81/668707e5f2177791869b624be4c06fb2473bf97ee33296b18d1cf3092af7/ujson-5.10.0-cp312-cp312-manylinux_2_17_x86_64.manylinux2014_x86_64.whl", hash = "sha256:f8ccb77b3e40b151e20519c6ae6d89bfe3f4c14e8e210d910287f778368bb3d1", size = 53686 },
    { url = "https://files.pythonhosted.org/packages/bd/50/056d518a386d80aaf4505ccf3cee1c40d312a46901ed494d5711dd939bc3/ujson-5.10.0-cp312-cp312-manylinux_2_5_i686.manylinux1_i686.manylinux_2_17_i686.manylinux2014_i686.whl", hash = "sha256:f3caf9cd64abfeb11a3b661329085c5e167abbe15256b3b68cb5d914ba7396f3", size = 58591 },
    { url = "https://files.pythonhosted.org/packages/fc/d6/aeaf3e2d6fb1f4cfb6bf25f454d60490ed8146ddc0600fae44bfe7eb5a72/ujson-5.10.0-cp312-cp312-musllinux_1_2_aarch64.whl", hash = "sha256:6e32abdce572e3a8c3d02c886c704a38a1b015a1fb858004e03d20ca7cecbb21", size = 997853 },
    { url = "https://files.pythonhosted.org/packages/f8/d5/1f2a5d2699f447f7d990334ca96e90065ea7f99b142ce96e85f26d7e78e2/ujson-5.10.0-cp312-cp312-musllinux_1_2_i686.whl", hash = "sha256:a65b6af4d903103ee7b6f4f5b85f1bfd0c90ba4eeac6421aae436c9988aa64a2", size = 1140689 },
    { url = "https://files.pythonhosted.org/packages/f2/2c/6990f4ccb41ed93744aaaa3786394bca0875503f97690622f3cafc0adfde/ujson-5.10.0-cp312-cp312-musllinux_1_2_x86_64.whl", hash = "sha256:604a046d966457b6cdcacc5aa2ec5314f0e8c42bae52842c1e6fa02ea4bda42e", size = 1043576 },
    { url = "https://files.pythonhosted.org/packages/14/f5/a2368463dbb09fbdbf6a696062d0c0f62e4ae6fa65f38f829611da2e8fdd/ujson-5.10.0-cp312-cp312-win32.whl", hash = "sha256:6dea1c8b4fc921bf78a8ff00bbd2bfe166345f5536c510671bccececb187c80e", size = 38764 },
    { url = "https://files.pythonhosted.org/packages/59/2d/691f741ffd72b6c84438a93749ac57bf1a3f217ac4b0ea4fd0e96119e118/ujson-5.10.0-cp312-cp312-win_amd64.whl", hash = "sha256:38665e7d8290188b1e0d57d584eb8110951a9591363316dd41cf8686ab1d0abc", size = 42211 },
    { url = "https://files.pythonhosted.org/packages/0d/69/b3e3f924bb0e8820bb46671979770c5be6a7d51c77a66324cdb09f1acddb/ujson-5.10.0-cp313-cp313-macosx_10_9_x86_64.whl", hash = "sha256:618efd84dc1acbd6bff8eaa736bb6c074bfa8b8a98f55b61c38d4ca2c1f7f287", size = 55646 },
    { url = "https://files.pythonhosted.org/packages/32/8a/9b748eb543c6cabc54ebeaa1f28035b1bd09c0800235b08e85990734c41e/ujson-5.10.0-cp313-cp313-macosx_11_0_arm64.whl", hash = "sha256:38d5d36b4aedfe81dfe251f76c0467399d575d1395a1755de391e58985ab1c2e", size = 51806 },
    { url = "https://files.pythonhosted.org/packages/39/50/4b53ea234413b710a18b305f465b328e306ba9592e13a791a6a6b378869b/ujson-5.10.0-cp313-cp313-manylinux_2_17_aarch64.manylinux2014_aarch64.whl", hash = "sha256:67079b1f9fb29ed9a2914acf4ef6c02844b3153913eb735d4bf287ee1db6e557", size = 51975 },
    { url = "https://files.pythonhosted.org/packages/b4/9d/8061934f960cdb6dd55f0b3ceeff207fcc48c64f58b43403777ad5623d9e/ujson-5.10.0-cp313-cp313-manylinux_2_17_x86_64.manylinux2014_x86_64.whl", hash = "sha256:d7d0e0ceeb8fe2468c70ec0c37b439dd554e2aa539a8a56365fd761edb418988", size = 53693 },
    { url = "https://files.pythonhosted.org/packages/f5/be/7bfa84b28519ddbb67efc8410765ca7da55e6b93aba84d97764cd5794dbc/ujson-5.10.0-cp313-cp313-manylinux_2_5_i686.manylinux1_i686.manylinux_2_17_i686.manylinux2014_i686.whl", hash = "sha256:59e02cd37bc7c44d587a0ba45347cc815fb7a5fe48de16bf05caa5f7d0d2e816", size = 58594 },
    { url = "https://files.pythonhosted.org/packages/48/eb/85d465abafb2c69d9699cfa5520e6e96561db787d36c677370e066c7e2e7/ujson-5.10.0-cp313-cp313-musllinux_1_2_aarch64.whl", hash = "sha256:2a890b706b64e0065f02577bf6d8ca3b66c11a5e81fb75d757233a38c07a1f20", size = 997853 },
    { url = "https://files.pythonhosted.org/packages/9f/76/2a63409fc05d34dd7d929357b7a45e3a2c96f22b4225cd74becd2ba6c4cb/ujson-5.10.0-cp313-cp313-musllinux_1_2_i686.whl", hash = "sha256:621e34b4632c740ecb491efc7f1fcb4f74b48ddb55e65221995e74e2d00bbff0", size = 1140694 },
    { url = "https://files.pythonhosted.org/packages/45/ed/582c4daba0f3e1688d923b5cb914ada1f9defa702df38a1916c899f7c4d1/ujson-5.10.0-cp313-cp313-musllinux_1_2_x86_64.whl", hash = "sha256:b9500e61fce0cfc86168b248104e954fead61f9be213087153d272e817ec7b4f", size = 1043580 },
    { url = "https://files.pythonhosted.org/packages/d7/0c/9837fece153051e19c7bade9f88f9b409e026b9525927824cdf16293b43b/ujson-5.10.0-cp313-cp313-win32.whl", hash = "sha256:4c4fc16f11ac1612f05b6f5781b384716719547e142cfd67b65d035bd85af165", size = 38766 },
    { url = "https://files.pythonhosted.org/packages/d7/72/6cb6728e2738c05bbe9bd522d6fc79f86b9a28402f38663e85a28fddd4a0/ujson-5.10.0-cp313-cp313-win_amd64.whl", hash = "sha256:4573fd1695932d4f619928fd09d5d03d917274381649ade4328091ceca175539", size = 42212 },
]

[[package]]
name = "zipp"
version = "3.21.0"
source = { registry = "https://pypi.org/simple" }
sdist = { url = "https://files.pythonhosted.org/packages/3f/50/bad581df71744867e9468ebd0bcd6505de3b275e06f202c2cb016e3ff56f/zipp-3.21.0.tar.gz", hash = "sha256:2c9958f6430a2040341a52eb608ed6dd93ef4392e02ffe219417c1b28b5dd1f4", size = 24545 }
wheels = [
    { url = "https://files.pythonhosted.org/packages/b7/1a/7e4798e9339adc931158c9d69ecc34f5e6791489d469f5e50ec15e35f458/zipp-3.21.0-py3-none-any.whl", hash = "sha256:ac1bbe05fd2991f160ebce24ffbac5f6d11d83dc90891255885223d42b3cd931", size = 9630 },
]
