# generated by rye
# use `rye lock` or `rye sync` to update this lockfile
#
# last locked with the following flags:
#   pre: false
#   features: []
#   all-features: false
#   with-sources: false
#   generate-hashes: false
#   universal: false

-e file:.
certifi==2024.6.2
    # via requests
charset-normalizer==3.3.2
    # via requests
click==8.1.7
    # via typer
dnspython==2.6.1
    # via email-validator
email-validator==2.1.1
    # via pydantic
idna==3.7
    # via email-validator
    # via requests
markdown-it-py==3.0.0
    # via rich
mdurl==0.1.2
    # via markdown-it-py
psycopg2-binary==2.9.9
    # via lumacli
pydantic==1.10.16
    # via lumacli
pygments==2.18.0
    # via rich
pyyaml==6.0.1
    # via lumacli
requests==2.32.3
    # via lumacli
rich==13.7.1
    # via lumacli
    # via typer
shellingham==1.5.4
    # via typer
typer==0.12.3
    # via lumacli
typing-extensions==4.12.2
    # via pydantic
    # via typer
urllib3==2.2.1
    # via requests
